// !$*UTF8*$!
{
	archiveVersion = 1;
	classes = {
	};
	objectVersion = 55;
	objects = {

/* Begin PBXBuildFile section */
		86809E1127F2CF12001FEA31 /* FirstViewModel.swift in Sources */ = {isa = PBXBuildFile; fileRef = 86809E1027F2CF12001FEA31 /* FirstViewModel.swift */; };
		86809E1327F2D2B2001FEA31 /* SecondViewModel.swift in Sources */ = {isa = PBXBuildFile; fileRef = 86809E1227F2D2B2001FEA31 /* SecondViewModel.swift */; };
		86809E1527F2D2BC001FEA31 /* ThirdViewModel.swift in Sources */ = {isa = PBXBuildFile; fileRef = 86809E1427F2D2BC001FEA31 /* ThirdViewModel.swift */; };
		86AA17ED27F286DA00B200DC /* ScreenTransitionApp.swift in Sources */ = {isa = PBXBuildFile; fileRef = 86AA17DD27F286D500B200DC /* ScreenTransitionApp.swift */; };
		86AA17EE27F286DA00B200DC /* ScreenTransitionApp.swift in Sources */ = {isa = PBXBuildFile; fileRef = 86AA17DD27F286D500B200DC /* ScreenTransitionApp.swift */; };
		86AA17EF27F286DA00B200DC /* ContentView.swift in Sources */ = {isa = PBXBuildFile; fileRef = 86AA17DE27F286D500B200DC /* ContentView.swift */; };
		86AA17F027F286DA00B200DC /* ContentView.swift in Sources */ = {isa = PBXBuildFile; fileRef = 86AA17DE27F286D500B200DC /* ContentView.swift */; };
		86AA17F127F286DA00B200DC /* Assets.xcassets in Resources */ = {isa = PBXBuildFile; fileRef = 86AA17DF27F286D900B200DC /* Assets.xcassets */; };
		86AA17F227F286DA00B200DC /* Assets.xcassets in Resources */ = {isa = PBXBuildFile; fileRef = 86AA17DF27F286D900B200DC /* Assets.xcassets */; };
		86AA17FC27F289B100B200DC /* Session.swift in Sources */ = {isa = PBXBuildFile; fileRef = 86AA17FB27F289B100B200DC /* Session.swift */; };
		86AA17FD27F289B100B200DC /* Session.swift in Sources */ = {isa = PBXBuildFile; fileRef = 86AA17FB27F289B100B200DC /* Session.swift */; };
		86AA17FF27F28A4100B200DC /* ScreenID.swift in Sources */ = {isa = PBXBuildFile; fileRef = 86AA17FE27F28A4100B200DC /* ScreenID.swift */; };
		86AA180027F28A4100B200DC /* ScreenID.swift in Sources */ = {isa = PBXBuildFile; fileRef = 86AA17FE27F28A4100B200DC /* ScreenID.swift */; };
		86AA180227F28DB700B200DC /* FirstView.swift in Sources */ = {isa = PBXBuildFile; fileRef = 86AA180127F28DB700B200DC /* FirstView.swift */; };
		86AA180327F28DB700B200DC /* FirstView.swift in Sources */ = {isa = PBXBuildFile; fileRef = 86AA180127F28DB700B200DC /* FirstView.swift */; };
		86AA180527F28DC000B200DC /* SecondView.swift in Sources */ = {isa = PBXBuildFile; fileRef = 86AA180427F28DC000B200DC /* SecondView.swift */; };
		86AA180627F28DC000B200DC /* SecondView.swift in Sources */ = {isa = PBXBuildFile; fileRef = 86AA180427F28DC000B200DC /* SecondView.swift */; };
		86AA180827F28DCC00B200DC /* ThirdView.swift in Sources */ = {isa = PBXBuildFile; fileRef = 86AA180727F28DCC00B200DC /* ThirdView.swift */; };
		86AA180927F28DCC00B200DC /* ThirdView.swift in Sources */ = {isa = PBXBuildFile; fileRef = 86AA180727F28DCC00B200DC /* ThirdView.swift */; };
/* End PBXBuildFile section */

/* Begin PBXFileReference section */
		86809E1027F2CF12001FEA31 /* FirstViewModel.swift */ = {isa = PBXFileReference; lastKnownFileType = sourcecode.swift; path = FirstViewModel.swift; sourceTree = "<group>"; };
		86809E1227F2D2B2001FEA31 /* SecondViewModel.swift */ = {isa = PBXFileReference; lastKnownFileType = sourcecode.swift; path = SecondViewModel.swift; sourceTree = "<group>"; };
		86809E1427F2D2BC001FEA31 /* ThirdViewModel.swift */ = {isa = PBXFileReference; lastKnownFileType = sourcecode.swift; path = ThirdViewModel.swift; sourceTree = "<group>"; };
		86AA17DD27F286D500B200DC /* ScreenTransitionApp.swift */ = {isa = PBXFileReference; lastKnownFileType = sourcecode.swift; path = ScreenTransitionApp.swift; sourceTree = "<group>"; };
		86AA17DE27F286D500B200DC /* ContentView.swift */ = {isa = PBXFileReference; lastKnownFileType = sourcecode.swift; path = ContentView.swift; sourceTree = "<group>"; };
		86AA17DF27F286D900B200DC /* Assets.xcassets */ = {isa = PBXFileReference; lastKnownFileType = folder.assetcatalog; path = Assets.xcassets; sourceTree = "<group>"; };
		86AA17E427F286DA00B200DC /* ScreenTransition.app */ = {isa = PBXFileReference; explicitFileType = wrapper.application; includeInIndex = 0; path = ScreenTransition.app; sourceTree = BUILT_PRODUCTS_DIR; };
		86AA17EA27F286DA00B200DC /* ScreenTransition.app */ = {isa = PBXFileReference; explicitFileType = wrapper.application; includeInIndex = 0; path = ScreenTransition.app; sourceTree = BUILT_PRODUCTS_DIR; };
		86AA17EC27F286DA00B200DC /* macOS.entitlements */ = {isa = PBXFileReference; lastKnownFileType = text.plist.entitlements; path = macOS.entitlements; sourceTree = "<group>"; };
		86AA17FB27F289B100B200DC /* Session.swift */ = {isa = PBXFileReference; lastKnownFileType = sourcecode.swift; path = Session.swift; sourceTree = "<group>"; };
		86AA17FE27F28A4100B200DC /* ScreenID.swift */ = {isa = PBXFileReference; lastKnownFileType = sourcecode.swift; path = ScreenID.swift; sourceTree = "<group>"; };
		86AA180127F28DB700B200DC /* FirstView.swift */ = {isa = PBXFileReference; lastKnownFileType = sourcecode.swift; path = FirstView.swift; sourceTree = "<group>"; };
		86AA180427F28DC000B200DC /* SecondView.swift */ = {isa = PBXFileReference; lastKnownFileType = sourcecode.swift; path = SecondView.swift; sourceTree = "<group>"; };
		86AA180727F28DCC00B200DC /* ThirdView.swift */ = {isa = PBXFileReference; lastKnownFileType = sourcecode.swift; path = ThirdView.swift; sourceTree = "<group>"; };
/* End PBXFileReference section */

/* Begin PBXFrameworksBuildPhase section */
		86AA17E127F286DA00B200DC /* Frameworks */ = {
			isa = PBXFrameworksBuildPhase;
			buildActionMask = 2147483647;
			files = (
			);
			runOnlyForDeploymentPostprocessing = 0;
		};
		86AA17E727F286DA00B200DC /* Frameworks */ = {
			isa = PBXFrameworksBuildPhase;
			buildActionMask = 2147483647;
			files = (
			);
			runOnlyForDeploymentPostprocessing = 0;
		};
/* End PBXFrameworksBuildPhase section */

/* Begin PBXGroup section */
		86809E0E27F2CEE3001FEA31 /* View */ = {
			isa = PBXGroup;
			children = (
				86AA17DE27F286D500B200DC /* ContentView.swift */,
				86AA180127F28DB700B200DC /* FirstView.swift */,
				86AA180427F28DC000B200DC /* SecondView.swift */,
				86AA180727F28DCC00B200DC /* ThirdView.swift */,
			);
			path = View;
			sourceTree = "<group>";
		};
		86809E0F27F2CEFC001FEA31 /* ViewModel */ = {
			isa = PBXGroup;
			children = (
				86809E1027F2CF12001FEA31 /* FirstViewModel.swift */,
				86809E1227F2D2B2001FEA31 /* SecondViewModel.swift */,
				86809E1427F2D2BC001FEA31 /* ThirdViewModel.swift */,
			);
			path = ViewModel;
			sourceTree = "<group>";
		};
		86809E1627F2D5D7001FEA31 /* Enum */ = {
			isa = PBXGroup;
			children = (
				86AA17FE27F28A4100B200DC /* ScreenID.swift */,
			);
			path = Enum;
			sourceTree = "<group>";
		};
		86809E1727F2D5E1001FEA31 /* Model */ = {
			isa = PBXGroup;
			children = (
				86AA17FB27F289B100B200DC /* Session.swift */,
			);
			path = Model;
			sourceTree = "<group>";
		};
		86AA17D727F286D400B200DC = {
			isa = PBXGroup;
			children = (
				86AA17DC27F286D500B200DC /* Shared */,
				86AA17EB27F286DA00B200DC /* macOS */,
				86AA17E527F286DA00B200DC /* Products */,
			);
			sourceTree = "<group>";
		};
		86AA17DC27F286D500B200DC /* Shared */ = {
			isa = PBXGroup;
			children = (
				86809E1727F2D5E1001FEA31 /* Model */,
				86809E1627F2D5D7001FEA31 /* Enum */,
				86809E0E27F2CEE3001FEA31 /* View */,
				86809E0F27F2CEFC001FEA31 /* ViewModel */,
				86AA17DD27F286D500B200DC /* ScreenTransitionApp.swift */,
				86AA17DF27F286D900B200DC /* Assets.xcassets */,
			);
			path = Shared;
			sourceTree = "<group>";
		};
		86AA17E527F286DA00B200DC /* Products */ = {
			isa = PBXGroup;
			children = (
				86AA17E427F286DA00B200DC /* ScreenTransition.app */,
				86AA17EA27F286DA00B200DC /* ScreenTransition.app */,
			);
			name = Products;
			sourceTree = "<group>";
		};
		86AA17EB27F286DA00B200DC /* macOS */ = {
			isa = PBXGroup;
			children = (
				86AA17EC27F286DA00B200DC /* macOS.entitlements */,
			);
			path = macOS;
			sourceTree = "<group>";
		};
/* End PBXGroup section */

/* Begin PBXNativeTarget section */
		86AA17E327F286DA00B200DC /* ScreenTransition (iOS) */ = {
			isa = PBXNativeTarget;
			buildConfigurationList = 86AA17F527F286DA00B200DC /* Build configuration list for PBXNativeTarget "ScreenTransition (iOS)" */;
			buildPhases = (
				86AA17E027F286DA00B200DC /* Sources */,
				86AA17E127F286DA00B200DC /* Frameworks */,
				86AA17E227F286DA00B200DC /* Resources */,
			);
			buildRules = (
			);
			dependencies = (
			);
			name = "ScreenTransition (iOS)";
			productName = "ScreenTransition (iOS)";
			productReference = 86AA17E427F286DA00B200DC /* ScreenTransition.app */;
			productType = "com.apple.product-type.application";
		};
		86AA17E927F286DA00B200DC /* ScreenTransition (macOS) */ = {
			isa = PBXNativeTarget;
			buildConfigurationList = 86AA17F827F286DA00B200DC /* Build configuration list for PBXNativeTarget "ScreenTransition (macOS)" */;
			buildPhases = (
				86AA17E627F286DA00B200DC /* Sources */,
				86AA17E727F286DA00B200DC /* Frameworks */,
				86AA17E827F286DA00B200DC /* Resources */,
			);
			buildRules = (
			);
			dependencies = (
			);
			name = "ScreenTransition (macOS)";
			productName = "ScreenTransition (macOS)";
			productReference = 86AA17EA27F286DA00B200DC /* ScreenTransition.app */;
			productType = "com.apple.product-type.application";
		};
/* End PBXNativeTarget section */

/* Begin PBXProject section */
		86AA17D827F286D400B200DC /* Project object */ = {
			isa = PBXProject;
			attributes = {
				BuildIndependentTargetsInParallel = 1;
				LastSwiftUpdateCheck = 1330;
				LastUpgradeCheck = 1330;
				TargetAttributes = {
					86AA17E327F286DA00B200DC = {
						CreatedOnToolsVersion = 13.3;
					};
					86AA17E927F286DA00B200DC = {
						CreatedOnToolsVersion = 13.3;
					};
				};
			};
			buildConfigurationList = 86AA17DB27F286D400B200DC /* Build configuration list for PBXProject "ScreenTransition" */;
			compatibilityVersion = "Xcode 13.0";
			developmentRegion = en;
			hasScannedForEncodings = 0;
			knownRegions = (
				en,
				Base,
			);
			mainGroup = 86AA17D727F286D400B200DC;
			productRefGroup = 86AA17E527F286DA00B200DC /* Products */;
			projectDirPath = "";
			projectRoot = "";
			targets = (
				86AA17E327F286DA00B200DC /* ScreenTransition (iOS) */,
				86AA17E927F286DA00B200DC /* ScreenTransition (macOS) */,
			);
		};
/* End PBXProject section */

/* Begin PBXResourcesBuildPhase section */
		86AA17E227F286DA00B200DC /* Resources */ = {
			isa = PBXResourcesBuildPhase;
			buildActionMask = 2147483647;
			files = (
				86AA17F127F286DA00B200DC /* Assets.xcassets in Resources */,
			);
			runOnlyForDeploymentPostprocessing = 0;
		};
		86AA17E827F286DA00B200DC /* Resources */ = {
			isa = PBXResourcesBuildPhase;
			buildActionMask = 2147483647;
			files = (
				86AA17F227F286DA00B200DC /* Assets.xcassets in Resources */,
			);
			runOnlyForDeploymentPostprocessing = 0;
		};
/* End PBXResourcesBuildPhase section */

/* Begin PBXSourcesBuildPhase section */
		86AA17E027F286DA00B200DC /* Sources */ = {
			isa = PBXSourcesBuildPhase;
			buildActionMask = 2147483647;
			files = (
				86AA180827F28DCC00B200DC /* ThirdView.swift in Sources */,
				86809E1327F2D2B2001FEA31 /* SecondViewModel.swift in Sources */,
				86AA180527F28DC000B200DC /* SecondView.swift in Sources */,
				86AA17EF27F286DA00B200DC /* ContentView.swift in Sources */,
				86809E1127F2CF12001FEA31 /* FirstViewModel.swift in Sources */,
				86AA180227F28DB700B200DC /* FirstView.swift in Sources */,
				86809E1527F2D2BC001FEA31 /* ThirdViewModel.swift in Sources */,
				86AA17ED27F286DA00B200DC /* ScreenTransitionApp.swift in Sources */,
				86AA17FF27F28A4100B200DC /* ScreenID.swift in Sources */,
				86AA17FC27F289B100B200DC /* Session.swift in Sources */,
			);
			runOnlyForDeploymentPostprocessing = 0;
		};
		86AA17E627F286DA00B200DC /* Sources */ = {
			isa = PBXSourcesBuildPhase;
			buildActionMask = 2147483647;
			files = (
				86AA180927F28DCC00B200DC /* ThirdView.swift in Sources */,
				86AA180627F28DC000B200DC /* SecondView.swift in Sources */,
				86AA17F027F286DA00B200DC /* ContentView.swift in Sources */,
				86AA180327F28DB700B200DC /* FirstView.swift in Sources */,
				86AA17EE27F286DA00B200DC /* ScreenTransitionApp.swift in Sources */,
				86AA180027F28A4100B200DC /* ScreenID.swift in Sources */,
				86AA17FD27F289B100B200DC /* Session.swift in Sources */,
			);
			runOnlyForDeploymentPostprocessing = 0;
		};
/* End PBXSourcesBuildPhase section */

/* Begin XCBuildConfiguration section */
		86AA17F327F286DA00B200DC /* Debug */ = {
			isa = XCBuildConfiguration;
			buildSettings = {
				ALWAYS_SEARCH_USER_PATHS = NO;
				CLANG_ANALYZER_NONNULL = YES;
				CLANG_ANALYZER_NUMBER_OBJECT_CONVERSION = YES_AGGRESSIVE;
				CLANG_CXX_LANGUAGE_STANDARD = "gnu++17";
				CLANG_ENABLE_MODULES = YES;
				CLANG_ENABLE_OBJC_ARC = YES;
				CLANG_ENABLE_OBJC_WEAK = YES;
				CLANG_WARN_BLOCK_CAPTURE_AUTORELEASING = YES;
				CLANG_WARN_BOOL_CONVERSION = YES;
				CLANG_WARN_COMMA = YES;
				CLANG_WARN_CONSTANT_CONVERSION = YES;
				CLANG_WARN_DEPRECATED_OBJC_IMPLEMENTATIONS = YES;
				CLANG_WARN_DIRECT_OBJC_ISA_USAGE = YES_ERROR;
				CLANG_WARN_DOCUMENTATION_COMMENTS = YES;
				CLANG_WARN_EMPTY_BODY = YES;
				CLANG_WARN_ENUM_CONVERSION = YES;
				CLANG_WARN_INFINITE_RECURSION = YES;
				CLANG_WARN_INT_CONVERSION = YES;
				CLANG_WARN_NON_LITERAL_NULL_CONVERSION = YES;
				CLANG_WARN_OBJC_IMPLICIT_RETAIN_SELF = YES;
				CLANG_WARN_OBJC_LITERAL_CONVERSION = YES;
				CLANG_WARN_OBJC_ROOT_CLASS = YES_ERROR;
				CLANG_WARN_QUOTED_INCLUDE_IN_FRAMEWORK_HEADER = YES;
				CLANG_WARN_RANGE_LOOP_ANALYSIS = YES;
				CLANG_WARN_STRICT_PROTOTYPES = YES;
				CLANG_WARN_SUSPICIOUS_MOVE = YES;
				CLANG_WARN_UNGUARDED_AVAILABILITY = YES_AGGRESSIVE;
				CLANG_WARN_UNREACHABLE_CODE = YES;
				CLANG_WARN__DUPLICATE_METHOD_MATCH = YES;
				COPY_PHASE_STRIP = NO;
				DEBUG_INFORMATION_FORMAT = dwarf;
				ENABLE_STRICT_OBJC_MSGSEND = YES;
				ENABLE_TESTABILITY = YES;
				GCC_C_LANGUAGE_STANDARD = gnu11;
				GCC_DYNAMIC_NO_PIC = NO;
				GCC_NO_COMMON_BLOCKS = YES;
				GCC_OPTIMIZATION_LEVEL = 0;
				GCC_PREPROCESSOR_DEFINITIONS = (
					"DEBUG=1",
					"$(inherited)",
				);
				GCC_WARN_64_TO_32_BIT_CONVERSION = YES;
				GCC_WARN_ABOUT_RETURN_TYPE = YES_ERROR;
				GCC_WARN_UNDECLARED_SELECTOR = YES;
				GCC_WARN_UNINITIALIZED_AUTOS = YES_AGGRESSIVE;
				GCC_WARN_UNUSED_FUNCTION = YES;
				GCC_WARN_UNUSED_VARIABLE = YES;
				MTL_ENABLE_DEBUG_INFO = INCLUDE_SOURCE;
				MTL_FAST_MATH = YES;
				ONLY_ACTIVE_ARCH = YES;
				SWIFT_ACTIVE_COMPILATION_CONDITIONS = DEBUG;
				SWIFT_OPTIMIZATION_LEVEL = "-Onone";
			};
			name = Debug;
		};
		86AA17F427F286DA00B200DC /* Release */ = {
			isa = XCBuildConfiguration;
			buildSettings = {
				ALWAYS_SEARCH_USER_PATHS = NO;
				CLANG_ANALYZER_NONNULL = YES;
				CLANG_ANALYZER_NUMBER_OBJECT_CONVERSION = YES_AGGRESSIVE;
				CLANG_CXX_LANGUAGE_STANDARD = "gnu++17";
				CLANG_ENABLE_MODULES = YES;
				CLANG_ENABLE_OBJC_ARC = YES;
				CLANG_ENABLE_OBJC_WEAK = YES;
				CLANG_WARN_BLOCK_CAPTURE_AUTORELEASING = YES;
				CLANG_WARN_BOOL_CONVERSION = YES;
				CLANG_WARN_COMMA = YES;
				CLANG_WARN_CONSTANT_CONVERSION = YES;
				CLANG_WARN_DEPRECATED_OBJC_IMPLEMENTATIONS = YES;
				CLANG_WARN_DIRECT_OBJC_ISA_USAGE = YES_ERROR;
				CLANG_WARN_DOCUMENTATION_COMMENTS = YES;
				CLANG_WARN_EMPTY_BODY = YES;
				CLANG_WARN_ENUM_CONVERSION = YES;
				CLANG_WARN_INFINITE_RECURSION = YES;
				CLANG_WARN_INT_CONVERSION = YES;
				CLANG_WARN_NON_LITERAL_NULL_CONVERSION = YES;
				CLANG_WARN_OBJC_IMPLICIT_RETAIN_SELF = YES;
				CLANG_WARN_OBJC_LITERAL_CONVERSION = YES;
				CLANG_WARN_OBJC_ROOT_CLASS = YES_ERROR;
				CLANG_WARN_QUOTED_INCLUDE_IN_FRAMEWORK_HEADER = YES;
				CLANG_WARN_RANGE_LOOP_ANALYSIS = YES;
				CLANG_WARN_STRICT_PROTOTYPES = YES;
				CLANG_WARN_SUSPICIOUS_MOVE = YES;
				CLANG_WARN_UNGUARDED_AVAILABILITY = YES_AGGRESSIVE;
				CLANG_WARN_UNREACHABLE_CODE = YES;
				CLANG_WARN__DUPLICATE_METHOD_MATCH = YES;
				COPY_PHASE_STRIP = NO;
				DEBUG_INFORMATION_FORMAT = "dwarf-with-dsym";
				ENABLE_NS_ASSERTIONS = NO;
				ENABLE_STRICT_OBJC_MSGSEND = YES;
				GCC_C_LANGUAGE_STANDARD = gnu11;
				GCC_NO_COMMON_BLOCKS = YES;
				GCC_WARN_64_TO_32_BIT_CONVERSION = YES;
				GCC_WARN_ABOUT_RETURN_TYPE = YES_ERROR;
				GCC_WARN_UNDECLARED_SELECTOR = YES;
				GCC_WARN_UNINITIALIZED_AUTOS = YES_AGGRESSIVE;
				GCC_WARN_UNUSED_FUNCTION = YES;
				GCC_WARN_UNUSED_VARIABLE = YES;
				MTL_ENABLE_DEBUG_INFO = NO;
				MTL_FAST_MATH = YES;
				SWIFT_COMPILATION_MODE = wholemodule;
				SWIFT_OPTIMIZATION_LEVEL = "-O";
			};
			name = Release;
		};
		86AA17F627F286DA00B200DC /* Debug */ = {
			isa = XCBuildConfiguration;
			buildSettings = {
				ASSETCATALOG_COMPILER_APPICON_NAME = AppIcon;
				ASSETCATALOG_COMPILER_GLOBAL_ACCENT_COLOR_NAME = AccentColor;
				CODE_SIGN_STYLE = Automatic;
				CURRENT_PROJECT_VERSION = 1;
				DEVELOPMENT_TEAM = 5VRD54SM2W;
				ENABLE_PREVIEWS = YES;
				GENERATE_INFOPLIST_FILE = YES;
				INFOPLIST_KEY_UIApplicationSceneManifest_Generation = YES;
				INFOPLIST_KEY_UIApplicationSupportsIndirectInputEvents = YES;
				INFOPLIST_KEY_UILaunchScreen_Generation = YES;
				INFOPLIST_KEY_UISupportedInterfaceOrientations_iPad = "UIInterfaceOrientationPortrait UIInterfaceOrientationPortraitUpsideDown UIInterfaceOrientationLandscapeLeft UIInterfaceOrientationLandscapeRight";
				INFOPLIST_KEY_UISupportedInterfaceOrientations_iPhone = "UIInterfaceOrientationPortrait UIInterfaceOrientationLandscapeLeft UIInterfaceOrientationLandscapeRight";
				IPHONEOS_DEPLOYMENT_TARGET = 15.4;
				LD_RUNPATH_SEARCH_PATHS = (
					"$(inherited)",
					"@executable_path/Frameworks",
				);
				MARKETING_VERSION = 1.0;
				PRODUCT_BUNDLE_IDENTIFIER = rwakabay.ScreenTransition;
				PRODUCT_NAME = ScreenTransition;
				SDKROOT = iphoneos;
				SWIFT_EMIT_LOC_STRINGS = YES;
				SWIFT_VERSION = 5.0;
				TARGETED_DEVICE_FAMILY = "1,2";
			};
			name = Debug;
		};
		86AA17F727F286DA00B200DC /* Release */ = {
			isa = XCBuildConfiguration;
			buildSettings = {
				ASSETCATALOG_COMPILER_APPICON_NAME = AppIcon;
				ASSETCATALOG_COMPILER_GLOBAL_ACCENT_COLOR_NAME = AccentColor;
				CODE_SIGN_STYLE = Automatic;
				CURRENT_PROJECT_VERSION = 1;
				DEVELOPMENT_TEAM = 5VRD54SM2W;
				ENABLE_PREVIEWS = YES;
				GENERATE_INFOPLIST_FILE = YES;
				INFOPLIST_KEY_UIApplicationSceneManifest_Generation = YES;
				INFOPLIST_KEY_UIApplicationSupportsIndirectInputEvents = YES;
				INFOPLIST_KEY_UILaunchScreen_Generation = YES;
				INFOPLIST_KEY_UISupportedInterfaceOrientations_iPad = "UIInterfaceOrientationPortrait UIInterfaceOrientationPortraitUpsideDown UIInterfaceOrientationLandscapeLeft UIInterfaceOrientationLandscapeRight";
				INFOPLIST_KEY_UISupportedInterfaceOrientations_iPhone = "UIInterfaceOrientationPortrait UIInterfaceOrientationLandscapeLeft UIInterfaceOrientationLandscapeRight";
				IPHONEOS_DEPLOYMENT_TARGET = 15.4;
				LD_RUNPATH_SEARCH_PATHS = (
					"$(inherited)",
					"@executable_path/Frameworks",
				);
				MARKETING_VERSION = 1.0;
				PRODUCT_BUNDLE_IDENTIFIER = rwakabay.ScreenTransition;
				PRODUCT_NAME = ScreenTransition;
				SDKROOT = iphoneos;
				SWIFT_EMIT_LOC_STRINGS = YES;
				SWIFT_VERSION = 5.0;
				TARGETED_DEVICE_FAMILY = "1,2";
				VALIDATE_PRODUCT = YES;
			};
			name = Release;
		};
		86AA17F927F286DA00B200DC /* Debug */ = {
			isa = XCBuildConfiguration;
			buildSettings = {
				ASSETCATALOG_COMPILER_APPICON_NAME = AppIcon;
				ASSETCATALOG_COMPILER_GLOBAL_ACCENT_COLOR_NAME = AccentColor;
				CODE_SIGN_ENTITLEMENTS = macOS/macOS.entitlements;
				CODE_SIGN_STYLE = Automatic;
				COMBINE_HIDPI_IMAGES = YES;
				CURRENT_PROJECT_VERSION = 1;
				DEVELOPMENT_TEAM = 5VRD54SM2W;
				ENABLE_HARDENED_RUNTIME = YES;
				ENABLE_PREVIEWS = YES;
				GENERATE_INFOPLIST_FILE = YES;
				INFOPLIST_KEY_NSHumanReadableCopyright = "";
				LD_RUNPATH_SEARCH_PATHS = (
					"$(inherited)",
					"@executable_path/../Frameworks",
				);
				MACOSX_DEPLOYMENT_TARGET = 12.3;
				MARKETING_VERSION = 1.0;
				PRODUCT_BUNDLE_IDENTIFIER = rwakabay.ScreenTransition;
				PRODUCT_NAME = ScreenTransition;
				SDKROOT = macosx;
				SWIFT_EMIT_LOC_STRINGS = YES;
				SWIFT_VERSION = 5.0;
			};
			name = Debug;
		};
		86AA17FA27F286DA00B200DC /* Release */ = {
			isa = XCBuildConfiguration;
			buildSettings = {
				ASSETCATALOG_COMPILER_APPICON_NAME = AppIcon;
				ASSETCATALOG_COMPILER_GLOBAL_ACCENT_COLOR_NAME = AccentColor;
				CODE_SIGN_ENTITLEMENTS = macOS/macOS.entitlements;
				CODE_SIGN_STYLE = Automatic;
				COMBINE_HIDPI_IMAGES = YES;
				CURRENT_PROJECT_VERSION = 1;
				DEVELOPMENT_TEAM = 5VRD54SM2W;
				ENABLE_HARDENED_RUNTIME = YES;
				ENABLE_PREVIEWS = YES;
				GENERATE_INFOPLIST_FILE = YES;
				INFOPLIST_KEY_NSHumanReadableCopyright = "";
				LD_RUNPATH_SEARCH_PATHS = (
					"$(inherited)",
					"@executable_path/../Frameworks",
				);
				MACOSX_DEPLOYMENT_TARGET = 12.3;
				MARKETING_VERSION = 1.0;
				PRODUCT_BUNDLE_IDENTIFIER = rwakabay.ScreenTransition;
				PRODUCT_NAME = ScreenTransition;
				SDKROOT = macosx;
				SWIFT_EMIT_LOC_STRINGS = YES;
				SWIFT_VERSION = 5.0;
			};
			name = Release;
		};
/* End XCBuildConfiguration section */

/* Begin XCConfigurationList section */
		86AA17DB27F286D400B200DC /* Build configuration list for PBXProject "ScreenTransition" */ = {
			isa = XCConfigurationList;
			buildConfigurations = (
				86AA17F327F286DA00B200DC /* Debug */,
				86AA17F427F286DA00B200DC /* Release */,
			);
			defaultConfigurationIsVisible = 0;
			defaultConfigurationName = Release;
		};
		86AA17F527F286DA00B200DC /* Build configuration list for PBXNativeTarget "ScreenTransition (iOS)" */ = {
			isa = XCConfigurationList;
			buildConfigurations = (
				86AA17F627F286DA00B200DC /* Debug */,
				86AA17F727F286DA00B200DC /* Release */,
			);
			defaultConfigurationIsVisible = 0;
			defaultConfigurationName = Release;
		};
		86AA17F827F286DA00B200DC /* Build configuration list for PBXNativeTarget "ScreenTransition (macOS)" */ = {
			isa = XCConfigurationList;
			buildConfigurations = (
				86AA17F927F286DA00B200DC /* Debug */,
				86AA17FA27F286DA00B200DC /* Release */,
			);
			defaultConfigurationIsVisible = 0;
			defaultConfigurationName = Release;
		};
/* End XCConfigurationList section */
	};
	rootObject = 86AA17D827F286D400B200DC /* Project object */;
}
